
Microsoft Visual Studio Solution File, Format Version 12.00
# Visual Studio Version 17
VisualStudioVersion = 17.2.32630.192
MinimumVisualStudioVersion = 10.0.40219.1
Project("{FAE04EC0-301F-11D3-BF4B-00C04F79EFBC}") = "WebApplication1", "WebApplication1\WebApplication1.csproj", "{3042EC8C-0D01-4329-994D-9A138F7C6F4F}"
EndProject
Global
	GlobalSection(SolutionConfigurationPlatforms) = preSolution
		Debug|Any CPU = Debug|Any CPU
		Release|Any CPU = Release|Any CPU
	EndGlobalSection
	GlobalSection(ProjectConfigurationPlatforms) = postSolution
		{3042EC8C-0D01-4329-994D-9A138F7C6F4F}.Debug|Any CPU.ActiveCfg = Debug|Any CPU
		{3042EC8C-0D01-4329-994D-9A138F7C6F4F}.Debug|Any CPU.Build.0 = Debug|Any CPU
		{3042EC8C-0D01-4329-994D-9A138F7C6F4F}.Release|Any CPU.ActiveCfg = Release|Any CPU
		{3042EC8C-0D01-4329-994D-9A138F7C6F4F}.Release|Any CPU.Build.0 = Release|Any CPU
	EndGlobalSection
	GlobalSection(SolutionProperties) = preSolution
		HideSolutionNode = FALSE
	EndGlobalSection
	GlobalSection(ExtensibilityGlobals) = postSolution
		SolutionGuid = {F92E2FF9-06E1-4B22-8600-D8E55FD13806}
	EndGlobalSection
EndGlobal
